
Microsoft Visual Studio Solution File, Format Version 12.00
# Visual Studio 15
VisualStudioVersion = 15.0.26730.15
MinimumVisualStudioVersion = 10.0.40219.1
Project("{F184B08F-C81C-45F6-A57F-5ABD9991F28F}") = "LettersNumbersAndWords", "LettersNumbersAndWords\LettersNumbersAndWords.vbproj", "{41EE9852-1CC6-4EF6-82AB-C45118924C63}"
EndProject
Global
	GlobalSection(SolutionConfigurationPlatforms) = preSolution
		Debug|Any CPU = Debug|Any CPU
		Release|Any CPU = Release|Any CPU
	EndGlobalSection
	GlobalSection(ProjectConfigurationPlatforms) = postSolution
		{41EE9852-1CC6-4EF6-82AB-C45118924C63}.Debug|Any CPU.ActiveCfg = Debug|Any CPU
		{41EE9852-1CC6-4EF6-82AB-C45118924C63}.Debug|Any CPU.Build.0 = Debug|Any CPU
		{41EE9852-1CC6-4EF6-82AB-C45118924C63}.Release|Any CPU.ActiveCfg = Release|Any CPU
		{41EE9852-1CC6-4EF6-82AB-C45118924C63}.Release|Any CPU.Build.0 = Release|Any CPU
	EndGlobalSection
	GlobalSection(SolutionProperties) = preSolution
		HideSolutionNode = FALSE
	EndGlobalSection
	GlobalSection(ExtensibilityGlobals) = postSolution
		SolutionGuid = {E7CFE220-7B52-4D66-96B8-8B4EFC1A006C}
	EndGlobalSection
EndGlobal
